
Microsoft Visual Studio Solution File, Format Version 12.00
# Visual Studio Version 17
VisualStudioVersion = 17.0.32014.148
MinimumVisualStudioVersion = 10.0.40219.1
Project("{FAE04EC0-301F-11D3-BF4B-00C04F79EFBC}") = "Class-6-IMDB-Project-V2", "Class-6-IMDB-Project-V2\Class-6-IMDB-Project-V2.csproj", "{441CAAC1-FA8A-430F-A47D-4AA801A5493D}"
EndProject
Global
	GlobalSection(SolutionConfigurationPlatforms) = preSolution
		Debug|Any CPU = Debug|Any CPU
		Release|Any CPU = Release|Any CPU
	EndGlobalSection
	GlobalSection(ProjectConfigurationPlatforms) = postSolution
		{441CAAC1-FA8A-430F-A47D-4AA801A5493D}.Debug|Any CPU.ActiveCfg = Debug|Any CPU
		{441CAAC1-FA8A-430F-A47D-4AA801A5493D}.Debug|Any CPU.Build.0 = Debug|Any CPU
		{441CAAC1-FA8A-430F-A47D-4AA801A5493D}.Release|Any CPU.ActiveCfg = Release|Any CPU
		{441CAAC1-FA8A-430F-A47D-4AA801A5493D}.Release|Any CPU.Build.0 = Release|Any CPU
	EndGlobalSection
	GlobalSection(SolutionProperties) = preSolution
		HideSolutionNode = FALSE
	EndGlobalSection
	GlobalSection(ExtensibilityGlobals) = postSolution
		SolutionGuid = {709CECF3-308E-4487-A9D8-F3F6E577561F}
	EndGlobalSection
EndGlobal
